// !$*UTF8*$!
{
	archiveVersion = 1;
	classes = {
	};
	objectVersion = 46;
	objects = {

/* Begin PBXBuildFile section */
		EAACA62A1CEDFAB800701B38 /* Squall.framework in Frameworks */ = {isa = PBXBuildFile; fileRef = EABED3A91CEDEC1600AC8035 /* Squall.framework */; };
		EABED38A1CEDEA6600AC8035 /* RNSLAnimation.m in Sources */ = {isa = PBXBuildFile; fileRef = EABED3881CEDEA6600AC8035 /* RNSLAnimation.m */; };
		EABED38B1CEDEA6600AC8035 /* RNSLAnimationManager.m in Sources */ = {isa = PBXBuildFile; fileRef = EABED3891CEDEA6600AC8035 /* RNSLAnimationManager.m */; };
/* End PBXBuildFile section */

/* Begin PBXCopyFilesBuildPhase section */
		EAB439641CECA14C008E61DE /* CopyFiles */ = {
			isa = PBXCopyFilesBuildPhase;
			buildActionMask = 2147483647;
			dstPath = "include/$(PRODUCT_NAME)";
			dstSubfolderSpec = 16;
			files = (
			);
			runOnlyForDeploymentPostprocessing = 0;
		};
/* End PBXCopyFilesBuildPhase section */

/* Begin PBXFileReference section */
		EAB439661CECA14C008E61DE /* libRNSquall.a */ = {isa = PBXFileReference; explicitFileType = archive.ar; includeInIndex = 0; path = libRNSquall.a; sourceTree = BUILT_PRODUCTS_DIR; };
		EABED3871CEDEA6600AC8035 /* RNSLAnimation.h */ = {isa = PBXFileReference; fileEncoding = 4; lastKnownFileType = sourcecode.c.h; path = RNSLAnimation.h; sourceTree = "<group>"; };
		EABED3881CEDEA6600AC8035 /* RNSLAnimation.m */ = {isa = PBXFileReference; fileEncoding = 4; lastKnownFileType = sourcecode.c.objc; path = RNSLAnimation.m; sourceTree = "<group>"; };
		EABED3891CEDEA6600AC8035 /* RNSLAnimationManager.m */ = {isa = PBXFileReference; fileEncoding = 4; lastKnownFileType = sourcecode.c.objc; path = RNSLAnimationManager.m; sourceTree = "<group>"; };
		EABED3A91CEDEC1600AC8035 /* Squall.framework */ = {isa = PBXFileReference; lastKnownFileType = wrapper.framework; path = Squall.framework; sourceTree = "<group>"; };
/* End PBXFileReference section */

/* Begin PBXFrameworksBuildPhase section */
		EAB439631CECA14C008E61DE /* Frameworks */ = {
			isa = PBXFrameworksBuildPhase;
			buildActionMask = 2147483647;
			files = (
				EAACA62A1CEDFAB800701B38 /* Squall.framework in Frameworks */,
			);
			runOnlyForDeploymentPostprocessing = 0;
		};
/* End PBXFrameworksBuildPhase section */

/* Begin PBXGroup section */
		EAB4395D1CECA14C008E61DE = {
			isa = PBXGroup;
			children = (
				EABED3861CEDEA6600AC8035 /* RNSquall */,
				EAB439671CECA14C008E61DE /* Products */,
				EABED3A91CEDEC1600AC8035 /* Squall.framework */,
			);
			sourceTree = "<group>";
		};
		EAB439671CECA14C008E61DE /* Products */ = {
			isa = PBXGroup;
			children = (
				EAB439661CECA14C008E61DE /* libRNSquall.a */,
			);
			name = Products;
			sourceTree = "<group>";
		};
		EABED3861CEDEA6600AC8035 /* RNSquall */ = {
			isa = PBXGroup;
			children = (
				EABED3871CEDEA6600AC8035 /* RNSLAnimation.h */,
				EABED3881CEDEA6600AC8035 /* RNSLAnimation.m */,
				EABED3891CEDEA6600AC8035 /* RNSLAnimationManager.m */,
			);
			path = RNSquall;
			sourceTree = "<group>";
		};
/* End PBXGroup section */

/* Begin PBXNativeTarget section */
		EAB439651CECA14C008E61DE /* RNSquall */ = {
			isa = PBXNativeTarget;
			buildConfigurationList = EAB4396F1CECA14C008E61DE /* Build configuration list for PBXNativeTarget "RNSquall" */;
			buildPhases = (
				EAB439621CECA14C008E61DE /* Sources */,
				EAB439631CECA14C008E61DE /* Frameworks */,
				EAB439641CECA14C008E61DE /* CopyFiles */,
			);
			buildRules = (
			);
			dependencies = (
			);
			name = RNSquall;
			productName = RCTSquall;
			productReference = EAB439661CECA14C008E61DE /* libRNSquall.a */;
			productType = "com.apple.product-type.library.static";
		};
/* End PBXNativeTarget section */

/* Begin PBXProject section */
		EAB4395E1CECA14C008E61DE /* Project object */ = {
			isa = PBXProject;
			attributes = {
				LastUpgradeCheck = 0730;
				ORGANIZATIONNAME = jslauthor;
				TargetAttributes = {
					EAB439651CECA14C008E61DE = {
						CreatedOnToolsVersion = 7.3.1;
					};
				};
			};
			buildConfigurationList = EAB439611CECA14C008E61DE /* Build configuration list for PBXProject "RNSquall" */;
			compatibilityVersion = "Xcode 3.2";
			developmentRegion = English;
			hasScannedForEncodings = 0;
			knownRegions = (
				en,
			);
			mainGroup = EAB4395D1CECA14C008E61DE;
			productRefGroup = EAB439671CECA14C008E61DE /* Products */;
			projectDirPath = "";
			projectRoot = "";
			targets = (
				EAB439651CECA14C008E61DE /* RNSquall */,
			);
		};
/* End PBXProject section */

/* Begin PBXSourcesBuildPhase section */
		EAB439621CECA14C008E61DE /* Sources */ = {
			isa = PBXSourcesBuildPhase;
			buildActionMask = 2147483647;
			files = (
				EABED38A1CEDEA6600AC8035 /* RNSLAnimation.m in Sources */,
				EABED38B1CEDEA6600AC8035 /* RNSLAnimationManager.m in Sources */,
			);
			runOnlyForDeploymentPostprocessing = 0;
		};
/* End PBXSourcesBuildPhase section */

/* Begin XCBuildConfiguration section */
		EAB4396D1CECA14C008E61DE /* Debug */ = {
			isa = XCBuildConfiguration;
			buildSettings = {
				ALWAYS_SEARCH_USER_PATHS = YES;
				CLANG_ANALYZER_NONNULL = YES;
				CLANG_CXX_LANGUAGE_STANDARD = "gnu++0x";
				CLANG_CXX_LIBRARY = "libc++";
				CLANG_ENABLE_MODULES = YES;
				CLANG_ENABLE_OBJC_ARC = YES;
				CLANG_WARN_BOOL_CONVERSION = YES;
				CLANG_WARN_CONSTANT_CONVERSION = YES;
				CLANG_WARN_DIRECT_OBJC_ISA_USAGE = YES_ERROR;
				CLANG_WARN_EMPTY_BODY = YES;
				CLANG_WARN_ENUM_CONVERSION = YES;
				CLANG_WARN_INT_CONVERSION = YES;
				CLANG_WARN_OBJC_ROOT_CLASS = YES_ERROR;
				CLANG_WARN_UNREACHABLE_CODE = YES;
				CLANG_WARN__DUPLICATE_METHOD_MATCH = YES;
				"CODE_SIGN_IDENTITY[sdk=iphoneos*]" = "iPhone Developer";
				COPY_PHASE_STRIP = NO;
				DEBUG_INFORMATION_FORMAT = dwarf;
				ENABLE_STRICT_OBJC_MSGSEND = YES;
				ENABLE_TESTABILITY = YES;
				FRAMEWORK_SEARCH_PATHS = "";
				GCC_C_LANGUAGE_STANDARD = gnu99;
				GCC_DYNAMIC_NO_PIC = NO;
				GCC_NO_COMMON_BLOCKS = YES;
				GCC_OPTIMIZATION_LEVEL = 0;
				GCC_PREPROCESSOR_DEFINITIONS = (
					"DEBUG=1",
					"$(inherited)",
				);
				GCC_WARN_64_TO_32_BIT_CONVERSION = YES;
				GCC_WARN_ABOUT_RETURN_TYPE = YES_ERROR;
				GCC_WARN_UNDECLARED_SELECTOR = YES;
				GCC_WARN_UNINITIALIZED_AUTOS = YES_AGGRESSIVE;
				GCC_WARN_UNUSED_FUNCTION = YES;
				GCC_WARN_UNUSED_VARIABLE = YES;
				HEADER_SEARCH_PATHS = "";
				IPHONEOS_DEPLOYMENT_TARGET = 9.3;
				MTL_ENABLE_DEBUG_INFO = YES;
				ONLY_ACTIVE_ARCH = NO;
				SDKROOT = "";
			};
			name = Debug;
		};
		EAB4396E1CECA14C008E61DE /* Release */ = {
			isa = XCBuildConfiguration;
			buildSettings = {
				ALWAYS_SEARCH_USER_PATHS = YES;
				CLANG_ANALYZER_NONNULL = YES;
				CLANG_CXX_LANGUAGE_STANDARD = "gnu++0x";
				CLANG_CXX_LIBRARY = "libc++";
				CLANG_ENABLE_MODULES = YES;
				CLANG_ENABLE_OBJC_ARC = YES;
				CLANG_WARN_BOOL_CONVERSION = YES;
				CLANG_WARN_CONSTANT_CONVERSION = YES;
				CLANG_WARN_DIRECT_OBJC_ISA_USAGE = YES_ERROR;
				CLANG_WARN_EMPTY_BODY = YES;
				CLANG_WARN_ENUM_CONVERSION = YES;
				CLANG_WARN_INT_CONVERSION = YES;
				CLANG_WARN_OBJC_ROOT_CLASS = YES_ERROR;
				CLANG_WARN_UNREACHABLE_CODE = YES;
				CLANG_WARN__DUPLICATE_METHOD_MATCH = YES;
				"CODE_SIGN_IDENTITY[sdk=iphoneos*]" = "iPhone Developer";
				COPY_PHASE_STRIP = NO;
				DEBUG_INFORMATION_FORMAT = "dwarf-with-dsym";
				ENABLE_NS_ASSERTIONS = NO;
				ENABLE_STRICT_OBJC_MSGSEND = YES;
				FRAMEWORK_SEARCH_PATHS = "";
				GCC_C_LANGUAGE_STANDARD = gnu99;
				GCC_NO_COMMON_BLOCKS = YES;
				GCC_WARN_64_TO_32_BIT_CONVERSION = YES;
				GCC_WARN_ABOUT_RETURN_TYPE = YES_ERROR;
				GCC_WARN_UNDECLARED_SELECTOR = YES;
				GCC_WARN_UNINITIALIZED_AUTOS = YES_AGGRESSIVE;
				GCC_WARN_UNUSED_FUNCTION = YES;
				GCC_WARN_UNUSED_VARIABLE = YES;
				HEADER_SEARCH_PATHS = "";
				IPHONEOS_DEPLOYMENT_TARGET = 9.3;
				MTL_ENABLE_DEBUG_INFO = NO;
				ONLY_ACTIVE_ARCH = NO;
				SDKROOT = "";
				VALIDATE_PRODUCT = YES;
			};
			name = Release;
		};
		EAB439701CECA14C008E61DE /* Debug */ = {
			isa = XCBuildConfiguration;
			buildSettings = {
				FRAMEWORK_SEARCH_PATHS = "$(SRCROOT)/**";
				HEADER_SEARCH_PATHS = (
					"$(SRCROOT)/../../react-native/React/**",
					/Applications/Xcode.app/Contents/Developer/Toolchains/XcodeDefault.xctoolchain/usr/include,
					"$(inherited)/**",
				);
				ONLY_ACTIVE_ARCH = YES;
				OTHER_LDFLAGS = (
					"-ObjC",
					"$(inherited)",
				);
				PRODUCT_NAME = RNSquall;
				SDKROOT = iphoneos;
				SKIP_INSTALL = YES;
			};
			name = Debug;
		};
		EAB439711CECA14C008E61DE /* Release */ = {
			isa = XCBuildConfiguration;
			buildSettings = {
				FRAMEWORK_SEARCH_PATHS = "$(SRCROOT)/**";
				HEADER_SEARCH_PATHS = (
					"$(SRCROOT)/../../react-native/React/**",
					/Applications/Xcode.app/Contents/Developer/Toolchains/XcodeDefault.xctoolchain/usr/include,
					"$(inherited)/**",
				);
				OTHER_LDFLAGS = (
					"-ObjC",
					"$(inherited)",
				);
				PRODUCT_NAME = RNSquall;
				SDKROOT = iphoneos;
				SKIP_INSTALL = YES;
			};
			name = Release;
		};
/* End XCBuildConfiguration section */

/* Begin XCConfigurationList section */
		EAB439611CECA14C008E61DE /* Build configuration list for PBXProject "RNSquall" */ = {
			isa = XCConfigurationList;
			buildConfigurations = (
				EAB4396D1CECA14C008E61DE /* Debug */,
				EAB4396E1CECA14C008E61DE /* Release */,
			);
			defaultConfigurationIsVisible = 0;
			defaultConfigurationName = Release;
		};
		EAB4396F1CECA14C008E61DE /* Build configuration list for PBXNativeTarget "RNSquall" */ = {
			isa = XCConfigurationList;
			buildConfigurations = (
				EAB439701CECA14C008E61DE /* Debug */,
				EAB439711CECA14C008E61DE /* Release */,
			);
			defaultConfigurationIsVisible = 0;
			defaultConfigurationName = Release;
		};
/* End XCConfigurationList section */
	};
	rootObject = EAB4395E1CECA14C008E61DE /* Project object */;
}
